<?xml version="1.0" encoding="utf-8"?>
<Project ToolsVersion="4.0" xmlns="http://schemas.microsoft.com/developer/msbuild/2003">
  <ItemGroup>
    <Filter Include="Source Files">
      <UniqueIdentifier>{4FC737F1-C7A5-4376-A066-2A32D752A2FF}</UniqueIdentifier>
      <Extensions>cpp;c;cc;cxx;c++;cppm;ixx;def;odl;idl;hpj;bat;asm;asmx</Extensions>
    </Filter>
    <Filter Include="Header Files">
      <UniqueIdentifier>{93995380-89BD-4b04-88EB-625FBE52EBFB}</UniqueIdentifier>
      <Extensions>h;hh;hpp;hxx;h++;hm;inl;inc;ipp;xsd</Extensions>
    </Filter>
    <Filter Include="Resource Files">
      <UniqueIdentifier>{67DA6AB6-F800-4c08-8B7A-83BB121AAD01}</UniqueIdentifier>
      <Extensions>rc;ico;cur;bmp;dlg;rc2;rct;bin;rgs;gif;jpg;jpeg;jpe;resx;tiff;tif;png;wav;mfcribbon-ms</Extensions>
    </Filter>
    <Filter Include="Header Files\States">
      <UniqueIdentifier>{e4f2a4b9-a77d-4859-a5c9-8563e257c549}</UniqueIdentifier>
    </Filter>
    <Filter Include="Header Files\Engine">
      <UniqueIdentifier>{39a911f0-9eaf-4243-9da9-8a8373e52e07}</UniqueIdentifier>
    </Filter>
    <Filter Include="Header Files\Entities">
      <UniqueIdentifier>{7b6ca1a4-1fad-42c2-95ac-8e5244dd6cbe}</UniqueIdentifier>
    </Filter>
    <Filter Include="Header Files\Components">
      <UniqueIdentifier>{18910473-8598-42ee-8c0d-d95dc7b013ad}</UniqueIdentifier>
    </Filter>
    <Filter Include="Header Files\GUI">
      <UniqueIdentifier>{a7a2c687-3f18-48d6-a44e-513e1da13640}</UniqueIdentifier>
    </Filter>
    <Filter Include="Header Files\Map">
      <UniqueIdentifier>{a28b93b4-0b69-4d0d-b330-c3d02299e084}</UniqueIdentifier>
    </Filter>
    <Filter Include="Header Files\Items">
      <UniqueIdentifier>{e8bc6a2c-0ba3-4ed1-9775-5beb6dbfd13f}</UniqueIdentifier>
    </Filter>
    <Filter Include="Header Files\Map\Tile">
      <UniqueIdentifier>{a2ace657-3f59-4429-ad51-cb0ce1eb1645}</UniqueIdentifier>
    </Filter>
    <Filter Include="Header Files\States\Editor Modes">
      <UniqueIdentifier>{b78e4746-e79c-4ce6-a531-c98f75deb35a}</UniqueIdentifier>
    </Filter>
    <Filter Include="Header Files\Entities\Enemies">
      <UniqueIdentifier>{fb833310-f9cc-4191-b506-89fb726116c1}</UniqueIdentifier>
    </Filter>
    <Filter Include="Header Files\Items\Weapons">
      <UniqueIdentifier>{89b5ffef-964b-4393-bce9-0ad2927ee24b}</UniqueIdentifier>
    </Filter>
    <Filter Include="Header Files\Items\Weapons\MeleeWeapon">
      <UniqueIdentifier>{71372bba-bd84-42ed-9a0e-f5315a0c64d7}</UniqueIdentifier>
    </Filter>
    <Filter Include="Header Files\Items\Weapons\RangedWeapon">
      <UniqueIdentifier>{b383273b-6992-4f47-82e0-4e0aecdc90ba}</UniqueIdentifier>
    </Filter>
    <Filter Include="Header Files\Items\Armors">
      <UniqueIdentifier>{0672dc3e-7ef6-4e91-8750-46d5a56a91ba}</UniqueIdentifier>
    </Filter>
    <Filter Include="Tools">
      <UniqueIdentifier>{ceb4a8ba-0844-4518-acf6-5c9d32c6585d}</UniqueIdentifier>
    </Filter>
    <Filter Include="Header Files\GUI\PlayerGUITabs">
      <UniqueIdentifier>{e6d7f171-ccaf-467f-81c5-9b6209a88d97}</UniqueIdentifier>
    </Filter>
    <Filter Include="Header Files\AI">
      <UniqueIdentifier>{6777d942-71f9-4b34-ae5a-26b54245fa94}</UniqueIdentifier>
    </Filter>
    <Filter Include="Header Files\AI\Options">
      <UniqueIdentifier>{3f020845-e6fa-416f-9b1b-890af5cbef99}</UniqueIdentifier>
    </Filter>
  </ItemGroup>
  <ItemGroup>
    <ClCompile Include="main.cpp">
      <Filter>Source Files</Filter>
    </ClCompile>
    <ClCompile Include="stdafx.cpp">
      <Filter>Source Files</Filter>
    </ClCompile>
    <ClCompile Include="TextureManager.cpp">
      <Filter>Tools</Filter>
    </ClCompile>
    <ClCompile Include="TextTagSystem.cpp">
      <Filter>Tools</Filter>
    </ClCompile>
    <ClCompile Include="SoundManager.cpp">
      <Filter>Tools</Filter>
    </ClCompile>
    <ClCompile Include="AnimationComponent.cpp">
      <Filter>Header Files\Components</Filter>
    </ClCompile>
    <ClCompile Include="AttributeComponent.cpp">
      <Filter>Header Files\Components</Filter>
    </ClCompile>
    <ClCompile Include="HitboxComponent.cpp">
      <Filter>Header Files\Components</Filter>
    </ClCompile>
    <ClCompile Include="MovementComponent.cpp">
      <Filter>Header Files\Components</Filter>
    </ClCompile>
    <ClCompile Include="GraphicSettings.cpp">
      <Filter>Header Files\Engine</Filter>
    </ClCompile>
    <ClCompile Include="Game.cpp">
      <Filter>Header Files\Engine</Filter>
    </ClCompile>
    <ClCompile Include="Bird.cpp">
      <Filter>Header Files\Entities\Enemies</Filter>
    </ClCompile>
    <ClCompile Include="Enemy.cpp">
      <Filter>Header Files\Entities\Enemies</Filter>
    </ClCompile>
    <ClCompile Include="Rat.cpp">
      <Filter>Header Files\Entities\Enemies</Filter>
    </ClCompile>
    <ClCompile Include="Player.cpp">
      <Filter>Header Files\Entities</Filter>
    </ClCompile>
    <ClCompile Include="Entity.cpp">
      <Filter>Header Files\Entities</Filter>
    </ClCompile>
    <ClCompile Include="CharacterTab.cpp">
      <Filter>Header Files\GUI\PlayerGUITabs</Filter>
    </ClCompile>
    <ClCompile Include="PlayerGUITabs.cpp">
      <Filter>Header Files\GUI\PlayerGUITabs</Filter>
    </ClCompile>
    <ClCompile Include="Tab.cpp">
      <Filter>Header Files\GUI\PlayerGUITabs</Filter>
    </ClCompile>
    <ClCompile Include="AIOption.cpp">
      <Filter>Header Files\AI</Filter>
    </ClCompile>
    <ClCompile Include="Gui.cpp">
      <Filter>Header Files\GUI</Filter>
    </ClCompile>
    <ClCompile Include="PauseMenu.cpp">
      <Filter>Header Files\GUI</Filter>
    </ClCompile>
    <ClCompile Include="PlayerGUI.cpp">
      <Filter>Header Files\GUI</Filter>
    </ClCompile>
    <ClCompile Include="Inventory.cpp">
      <Filter>Header Files\Items</Filter>
    </ClCompile>
    <ClCompile Include="Item.cpp">
      <Filter>Header Files\Items</Filter>
    </ClCompile>
    <ClCompile Include="Weapon.cpp">
      <Filter>Header Files\Items\Weapons</Filter>
    </ClCompile>
    <ClCompile Include="MeleeWeapon.cpp">
      <Filter>Header Files\Items\Weapons\MeleeWeapon</Filter>
    </ClCompile>
    <ClCompile Include="Sword.cpp">
      <Filter>Header Files\Items\Weapons\MeleeWeapon</Filter>
    </ClCompile>
    <ClCompile Include="Bow.cpp">
      <Filter>Header Files\Items\Weapons\RangedWeapon</Filter>
    </ClCompile>
    <ClCompile Include="RangedWeapon.cpp">
      <Filter>Header Files\Items\Weapons\RangedWeapon</Filter>
    </ClCompile>
    <ClCompile Include="EnemySpawnerTile.cpp">
      <Filter>Header Files\Map\Tile</Filter>
    </ClCompile>
    <ClCompile Include="RegularTile.cpp">
      <Filter>Header Files\Map\Tile</Filter>
    </ClCompile>
    <ClCompile Include="Tile.cpp">
      <Filter>Header Files\Map\Tile</Filter>
    </ClCompile>
    <ClCompile Include="TileMap.cpp">
      <Filter>Header Files\Map</Filter>
    </ClCompile>
    <ClCompile Include="DefaultEditorMode.cpp">
      <Filter>Header Files\States\Editor Modes</Filter>
    </ClCompile>
    <ClCompile Include="EditorMode.cpp">
      <Filter>Header Files\States\Editor Modes</Filter>
    </ClCompile>
    <ClCompile Include="EnemyEditorMode.cpp">
      <Filter>Header Files\States\Editor Modes</Filter>
    </ClCompile>
    <ClCompile Include="EditorState.cpp">
      <Filter>Header Files\States</Filter>
    </ClCompile>
    <ClCompile Include="GameState.cpp">
      <Filter>Header Files\States</Filter>
    </ClCompile>
    <ClCompile Include="MainMenuState.cpp">
      <Filter>Header Files\States</Filter>
    </ClCompile>
    <ClCompile Include="SettingsState.cpp">
      <Filter>Header Files\States</Filter>
    </ClCompile>
    <ClCompile Include="State.cpp">
      <Filter>Header Files\States</Filter>
    </ClCompile>
    <ClCompile Include="AIFollow.cpp">
      <Filter>Header Files\AI\Options</Filter>
    </ClCompile>
    <ClCompile Include="EnemySystem.cpp">
      <Filter>Header Files\Entities\Enemies</Filter>
    </ClCompile>
    <ClCompile Include="AIComponent.cpp">
      <Filter>Header Files\Components</Filter>
    </ClCompile>
    <ClCompile Include="AIRoam.cpp">
      <Filter>Header Files\AI\Options</Filter>
    </ClCompile>
    <ClCompile Include="VectorMath.cpp">
      <Filter>Tools</Filter>
    </ClCompile>
    <ClCompile Include="SkillComponent.cpp">
      <Filter>Header Files\Components</Filter>
    </ClCompile>
  </ItemGroup>
  <ItemGroup>
    <ClInclude Include="State.h">
      <Filter>Header Files\States</Filter>
    </ClInclude>
    <ClInclude Include="GameState.h">
      <Filter>Header Files\States</Filter>
    </ClInclude>
    <ClInclude Include="Game.h">
      <Filter>Header Files\Engine</Filter>
    </ClInclude>
    <ClInclude Include="Entity.h">
      <Filter>Header Files\Entities</Filter>
    </ClInclude>
    <ClInclude Include="MainMenuState.h">
      <Filter>Header Files\States</Filter>
    </ClInclude>
    <ClInclude Include="Player.h">
      <Filter>Header Files\Entities</Filter>
    </ClInclude>
    <ClInclude Include="MovementComponent.h">
      <Filter>Header Files\Components</Filter>
    </ClInclude>
    <ClInclude Include="AnimationComponent.h">
      <Filter>Header Files\Components</Filter>
    </ClInclude>
    <ClInclude Include="EditorState.h">
      <Filter>Header Files\States</Filter>
    </ClInclude>
    <ClInclude Include="HitboxComponent.h">
      <Filter>Header Files\Components</Filter>
    </ClInclude>
    <ClInclude Include="Tile.h">
      <Filter>Header Files\Map\Tile</Filter>
    </ClInclude>
    <ClInclude Include="PauseMenu.h">
      <Filter>Header Files\GUI</Filter>
    </ClInclude>
    <ClInclude Include="SettingsState.h">
      <Filter>Header Files\States</Filter>
    </ClInclude>
    <ClInclude Include="TileMap.h">
      <Filter>Header Files\Map</Filter>
    </ClInclude>
    <ClInclude Include="stdafx.h">
      <Filter>Header Files</Filter>
    </ClInclude>
    <ClInclude Include="GraphicSettings.h">
      <Filter>Header Files\Engine</Filter>
    </ClInclude>
    <ClInclude Include="Gui.h">
      <Filter>Header Files\GUI</Filter>
    </ClInclude>
    <ClInclude Include="AttributeComponent.h">
      <Filter>Header Files\Components</Filter>
    </ClInclude>
    <ClInclude Include="PlayerGUI.h">
      <Filter>Header Files\GUI</Filter>
    </ClInclude>
    <ClInclude Include="Item.h">
      <Filter>Header Files\Items</Filter>
    </ClInclude>
    <ClInclude Include="MeleeWeapon.h">
      <Filter>Header Files\Items\Weapons\MeleeWeapon</Filter>
    </ClInclude>
    <ClInclude Include="Sword.h">
      <Filter>Header Files\Items\Weapons\MeleeWeapon</Filter>
    </ClInclude>
    <ClInclude Include="RangedWeapon.h">
      <Filter>Header Files\Items\Weapons\RangedWeapon</Filter>
    </ClInclude>
    <ClInclude Include="Bow.h">
      <Filter>Header Files\Items\Weapons\RangedWeapon</Filter>
    </ClInclude>
    <ClInclude Include="SkillComponent.h">
      <Filter>Header Files\Components</Filter>
    </ClInclude>
    <ClInclude Include="EnemySpawnerTile.h">
      <Filter>Header Files\Map\Tile</Filter>
    </ClInclude>
    <ClInclude Include="EditorMode.h">
      <Filter>Header Files\States\Editor Modes</Filter>
    </ClInclude>
    <ClInclude Include="DefaultEditorMode.h">
      <Filter>Header Files\States\Editor Modes</Filter>
    </ClInclude>
    <ClInclude Include="EnemyEditorMode.h">
      <Filter>Header Files\States\Editor Modes</Filter>
    </ClInclude>
    <ClInclude Include="EditorModes.h">
      <Filter>Header Files\States\Editor Modes</Filter>
    </ClInclude>
    <ClInclude Include="Enemy.h">
      <Filter>Header Files\Entities\Enemies</Filter>
    </ClInclude>
    <ClInclude Include="Rat.h">
      <Filter>Header Files\Entities\Enemies</Filter>
    </ClInclude>
    <ClInclude Include="RegularTile.h">
      <Filter>Header Files\Map\Tile</Filter>
    </ClInclude>
    <ClInclude Include="EnemySystem.h">
      <Filter>Header Files\Entities\Enemies</Filter>
    </ClInclude>
    <ClInclude Include="Inventory.h">
      <Filter>Header Files\Items</Filter>
    </ClInclude>
    <ClInclude Include="Items.h">
      <Filter>Header Files\Items</Filter>
    </ClInclude>
    <ClInclude Include="Weapon.h">
      <Filter>Header Files\Items\Weapons</Filter>
    </ClInclude>
    <ClInclude Include="TextureManager.h">
      <Filter>Tools</Filter>
    </ClInclude>
    <ClInclude Include="TextTagSystem.h">
      <Filter>Tools</Filter>
    </ClInclude>
    <ClInclude Include="SoundManager.h">
      <Filter>Tools</Filter>
    </ClInclude>
    <ClInclude Include="Bird.h">
      <Filter>Header Files\Entities\Enemies</Filter>
    </ClInclude>
    <ClInclude Include="PlayerGUITabs.h">
      <Filter>Header Files\GUI\PlayerGUITabs</Filter>
    </ClInclude>
    <ClInclude Include="CharacterTab.h">
      <Filter>Header Files\GUI\PlayerGUITabs</Filter>
    </ClInclude>
    <ClInclude Include="Tab.h">
      <Filter>Header Files\GUI\PlayerGUITabs</Filter>
    </ClInclude>
    <ClInclude Include="AIOption.h">
      <Filter>Header Files\AI</Filter>
    </ClInclude>
    <ClInclude Include="AIFollow.h">
      <Filter>Header Files\AI\Options</Filter>
    </ClInclude>
    <ClInclude Include="AIComponent.h">
      <Filter>Header Files\Components</Filter>
    </ClInclude>
    <ClInclude Include="AIRoam.h">
      <Filter>Header Files\AI\Options</Filter>
    </ClInclude>
    <ClInclude Include="VectorMath.h">
      <Filter>Tools</Filter>
    </ClInclude>
  </ItemGroup>
  <ItemGroup>
    <None Include="config\supported_keys.ini" />
    <None Include="config\gamestate_keybinds.ini" />
    <None Include="vertex_shader.vert">
      <Filter>Header Files\Engine</Filter>
    </None>
    <None Include="fragment_shader.frag">
      <Filter>Header Files\Engine</Filter>
    </None>
  </ItemGroup>
</Project>